
Microsoft Visual Studio Solution File, Format Version 12.00
# Visual Studio Version 16
VisualStudioVersion = 16.0.29728.190
MinimumVisualStudioVersion = 10.0.40219.1
Project("{FAE04EC0-301F-11D3-BF4B-00C04F79EFBC}") = "EntityFramework", "EntityFramework\EntityFramework.csproj", "{AA46AE06-47CE-4160-B2A5-8E675DA95327}"
EndProject
Global
	GlobalSection(SolutionConfigurationPlatforms) = preSolution
		Debug|Any CPU = Debug|Any CPU
		Release|Any CPU = Release|Any CPU
	EndGlobalSection
	GlobalSection(ProjectConfigurationPlatforms) = postSolution
		{AA46AE06-47CE-4160-B2A5-8E675DA95327}.Debug|Any CPU.ActiveCfg = Debug|Any CPU
		{AA46AE06-47CE-4160-B2A5-8E675DA95327}.Debug|Any CPU.Build.0 = Debug|Any CPU
		{AA46AE06-47CE-4160-B2A5-8E675DA95327}.Release|Any CPU.ActiveCfg = Release|Any CPU
		{AA46AE06-47CE-4160-B2A5-8E675DA95327}.Release|Any CPU.Build.0 = Release|Any CPU
	EndGlobalSection
	GlobalSection(SolutionProperties) = preSolution
		HideSolutionNode = FALSE
	EndGlobalSection
	GlobalSection(ExtensibilityGlobals) = postSolution
		SolutionGuid = {F4B90295-EAAB-44D9-B7F5-32F98EC5C9A5}
	EndGlobalSection
EndGlobal
